
Microsoft Visual Studio Solution File, Format Version 12.00
# Visual Studio Version 17
VisualStudioVersion = 17.5.33530.505
MinimumVisualStudioVersion = 10.0.40219.1
Project("{9A19103F-16F7-4668-BE54-9A1E7A4F7556}") = "KBKSeF", "KBKSeF.csproj", "{43CBFB4A-F4F3-46AE-96D8-925BCA090997}"
EndProject
Project("{FAE04EC0-301F-11D3-BF4B-00C04F79EFBC}") = "KSeFTests", "..\KSeFTests\KSeFTests.csproj", "{B6AFCA34-A8FA-48D5-8A52-721A039821E1}"
EndProject
Global
	GlobalSection(SolutionConfigurationPlatforms) = preSolution
		Debug|Any CPU = Debug|Any CPU
		Release|Any CPU = Release|Any CPU
	EndGlobalSection
	GlobalSection(ProjectConfigurationPlatforms) = postSolution
		{43CBFB4A-F4F3-46AE-96D8-925BCA090997}.Debug|Any CPU.ActiveCfg = Debug|Any CPU
		{43CBFB4A-F4F3-46AE-96D8-925BCA090997}.Debug|Any CPU.Build.0 = Debug|Any CPU
		{43CBFB4A-F4F3-46AE-96D8-925BCA090997}.Release|Any CPU.ActiveCfg = Release|Any CPU
		{43CBFB4A-F4F3-46AE-96D8-925BCA090997}.Release|Any CPU.Build.0 = Release|Any CPU
		{B6AFCA34-A8FA-48D5-8A52-721A039821E1}.Debug|Any CPU.ActiveCfg = Debug|Any CPU
		{B6AFCA34-A8FA-48D5-8A52-721A039821E1}.Debug|Any CPU.Build.0 = Debug|Any CPU
		{B6AFCA34-A8FA-48D5-8A52-721A039821E1}.Release|Any CPU.ActiveCfg = Release|Any CPU
		{B6AFCA34-A8FA-48D5-8A52-721A039821E1}.Release|Any CPU.Build.0 = Release|Any CPU
	EndGlobalSection
	GlobalSection(SolutionProperties) = preSolution
		HideSolutionNode = FALSE
	EndGlobalSection
	GlobalSection(ExtensibilityGlobals) = postSolution
		SolutionGuid = {D0A722CD-EB63-4E80-A15E-88796A1C0FCA}
	EndGlobalSection
EndGlobal
